
Microsoft Visual Studio Solution File, Format Version 12.00
# Visual Studio Version 17
VisualStudioVersion = 17.11.35222.181
MinimumVisualStudioVersion = 10.0.40219.1
Project("{FAE04EC0-301F-11D3-BF4B-00C04F79EFBC}") = "PhoneShop.Api", "PhoneShop.Api\PhoneShop.Api.csproj", "{F24B83E5-F66C-493A-A2CB-9192917BFDE7}"
EndProject
Project("{FAE04EC0-301F-11D3-BF4B-00C04F79EFBC}") = "PhoneShop.Client", "PhoneShop.Client\PhoneShop.Client.csproj", "{15A6CB03-EE12-45BB-ADD5-08F11737F00C}"
EndProject
Project("{FAE04EC0-301F-11D3-BF4B-00C04F79EFBC}") = "PhoneShop.ShareLibrary", "PhoneShop.ShareLibrary\PhoneShop.ShareLibrary.csproj", "{643490D2-5C58-412B-8BF3-AA20F479F7D3}"
EndProject
Global
	GlobalSection(SolutionConfigurationPlatforms) = preSolution
		Debug|Any CPU = Debug|Any CPU
		Release|Any CPU = Release|Any CPU
	EndGlobalSection
	GlobalSection(ProjectConfigurationPlatforms) = postSolution
		{F24B83E5-F66C-493A-A2CB-9192917BFDE7}.Debug|Any CPU.ActiveCfg = Debug|Any CPU
		{F24B83E5-F66C-493A-A2CB-9192917BFDE7}.Debug|Any CPU.Build.0 = Debug|Any CPU
		{F24B83E5-F66C-493A-A2CB-9192917BFDE7}.Release|Any CPU.ActiveCfg = Release|Any CPU
		{F24B83E5-F66C-493A-A2CB-9192917BFDE7}.Release|Any CPU.Build.0 = Release|Any CPU
		{15A6CB03-EE12-45BB-ADD5-08F11737F00C}.Debug|Any CPU.ActiveCfg = Debug|Any CPU
		{15A6CB03-EE12-45BB-ADD5-08F11737F00C}.Debug|Any CPU.Build.0 = Debug|Any CPU
		{15A6CB03-EE12-45BB-ADD5-08F11737F00C}.Release|Any CPU.ActiveCfg = Release|Any CPU
		{15A6CB03-EE12-45BB-ADD5-08F11737F00C}.Release|Any CPU.Build.0 = Release|Any CPU
		{643490D2-5C58-412B-8BF3-AA20F479F7D3}.Debug|Any CPU.ActiveCfg = Debug|Any CPU
		{643490D2-5C58-412B-8BF3-AA20F479F7D3}.Debug|Any CPU.Build.0 = Debug|Any CPU
		{643490D2-5C58-412B-8BF3-AA20F479F7D3}.Release|Any CPU.ActiveCfg = Release|Any CPU
		{643490D2-5C58-412B-8BF3-AA20F479F7D3}.Release|Any CPU.Build.0 = Release|Any CPU
	EndGlobalSection
	GlobalSection(SolutionProperties) = preSolution
		HideSolutionNode = FALSE
	EndGlobalSection
	GlobalSection(ExtensibilityGlobals) = postSolution
		SolutionGuid = {02DEDE51-3736-466B-A424-459BE704E134}
	EndGlobalSection
EndGlobal
